
Microsoft Visual Studio Solution File, Format Version 12.00
# Visual Studio Version 16
VisualStudioVersion = 16.0.29806.167
MinimumVisualStudioVersion = 10.0.40219.1
Project("{FAE04EC0-301F-11D3-BF4B-00C04F79EFBC}") = "QuadCore_Website", "QuadCore_Website.csproj", "{0B3C255D-FCF2-4F55-ABC9-B3B2BFEA9D39}"
EndProject
Global
	GlobalSection(SolutionConfigurationPlatforms) = preSolution
		Debug|Any CPU = Debug|Any CPU
		Release|Any CPU = Release|Any CPU
	EndGlobalSection
	GlobalSection(ProjectConfigurationPlatforms) = postSolution
		{0B3C255D-FCF2-4F55-ABC9-B3B2BFEA9D39}.Debug|Any CPU.ActiveCfg = Debug|Any CPU
		{0B3C255D-FCF2-4F55-ABC9-B3B2BFEA9D39}.Debug|Any CPU.Build.0 = Debug|Any CPU
		{0B3C255D-FCF2-4F55-ABC9-B3B2BFEA9D39}.Release|Any CPU.ActiveCfg = Release|Any CPU
		{0B3C255D-FCF2-4F55-ABC9-B3B2BFEA9D39}.Release|Any CPU.Build.0 = Release|Any CPU
	EndGlobalSection
	GlobalSection(SolutionProperties) = preSolution
		HideSolutionNode = FALSE
	EndGlobalSection
	GlobalSection(ExtensibilityGlobals) = postSolution
		SolutionGuid = {F5178C1F-8D29-473F-90DB-2A0DF8C6162F}
	EndGlobalSection
EndGlobal
